// !$*UTF8*$!
{
	archiveVersion = 1;
	classes = {
	};
	objectVersion = 55;
	objects = {

/* Begin PBXBuildFile section */
		661DC91628624CE4006268F7 /* NetflixApp.swift in Sources */ = {isa = PBXBuildFile; fileRef = 661DC91528624CE4006268F7 /* NetflixApp.swift */; };
		661DC91828624CE4006268F7 /* ContentView.swift in Sources */ = {isa = PBXBuildFile; fileRef = 661DC91728624CE4006268F7 /* ContentView.swift */; };
		661DC91A28624CEB006268F7 /* Assets.xcassets in Resources */ = {isa = PBXBuildFile; fileRef = 661DC91928624CEB006268F7 /* Assets.xcassets */; };
		661DC91D28624CEB006268F7 /* Preview Assets.xcassets in Resources */ = {isa = PBXBuildFile; fileRef = 661DC91C28624CEB006268F7 /* Preview Assets.xcassets */; };
		661DC92428624F37006268F7 /* HomeView.swift in Sources */ = {isa = PBXBuildFile; fileRef = 661DC92328624F37006268F7 /* HomeView.swift */; };
		661DC92828624FC1006268F7 /* Kingfisher in Frameworks */ = {isa = PBXBuildFile; productRef = 661DC92728624FC1006268F7 /* Kingfisher */; };
		661DC92C28625092006268F7 /* Movie.swift in Sources */ = {isa = PBXBuildFile; fileRef = 661DC92B28625092006268F7 /* Movie.swift */; };
		661DC92E286250EF006268F7 /* StandardHomeMovieView.swift in Sources */ = {isa = PBXBuildFile; fileRef = 661DC92D286250EF006268F7 /* StandardHomeMovieView.swift */; };
		661DC93028625139006268F7 /* GlobalHelpers.swift in Sources */ = {isa = PBXBuildFile; fileRef = 661DC92F28625139006268F7 /* GlobalHelpers.swift */; };
		6694118E28637A6100FD6071 /* TopMoviePreviewView.swift in Sources */ = {isa = PBXBuildFile; fileRef = 6694118D28637A6100FD6071 /* TopMoviePreviewView.swift */; };
		66A1559828625457009F47CE /* HomeVM.swift in Sources */ = {isa = PBXBuildFile; fileRef = 66A1559728625457009F47CE /* HomeVM.swift */; };
		66AF6DA2286B5C7000BA116A /* SmallVerticalButton.swift in Sources */ = {isa = PBXBuildFile; fileRef = 66AF6DA1286B5C7000BA116A /* SmallVerticalButton.swift */; };
		66AF6DA4286B63A700BA116A /* WhiteButton.swift in Sources */ = {isa = PBXBuildFile; fileRef = 66AF6DA3286B63A700BA116A /* WhiteButton.swift */; };
/* End PBXBuildFile section */

/* Begin PBXFileReference section */
		661DC91228624CE4006268F7 /* Netflix.app */ = {isa = PBXFileReference; explicitFileType = wrapper.application; includeInIndex = 0; path = Netflix.app; sourceTree = BUILT_PRODUCTS_DIR; };
		661DC91528624CE4006268F7 /* NetflixApp.swift */ = {isa = PBXFileReference; lastKnownFileType = sourcecode.swift; path = NetflixApp.swift; sourceTree = "<group>"; };
		661DC91728624CE4006268F7 /* ContentView.swift */ = {isa = PBXFileReference; lastKnownFileType = sourcecode.swift; path = ContentView.swift; sourceTree = "<group>"; };
		661DC91928624CEB006268F7 /* Assets.xcassets */ = {isa = PBXFileReference; lastKnownFileType = folder.assetcatalog; path = Assets.xcassets; sourceTree = "<group>"; };
		661DC91C28624CEB006268F7 /* Preview Assets.xcassets */ = {isa = PBXFileReference; lastKnownFileType = folder.assetcatalog; path = "Preview Assets.xcassets"; sourceTree = "<group>"; };
		661DC92328624F37006268F7 /* HomeView.swift */ = {isa = PBXFileReference; lastKnownFileType = sourcecode.swift; path = HomeView.swift; sourceTree = "<group>"; };
		661DC92B28625092006268F7 /* Movie.swift */ = {isa = PBXFileReference; lastKnownFileType = sourcecode.swift; path = Movie.swift; sourceTree = "<group>"; };
		661DC92D286250EF006268F7 /* StandardHomeMovieView.swift */ = {isa = PBXFileReference; lastKnownFileType = sourcecode.swift; path = StandardHomeMovieView.swift; sourceTree = "<group>"; };
		661DC92F28625139006268F7 /* GlobalHelpers.swift */ = {isa = PBXFileReference; lastKnownFileType = sourcecode.swift; path = GlobalHelpers.swift; sourceTree = "<group>"; };
		6694118D28637A6100FD6071 /* TopMoviePreviewView.swift */ = {isa = PBXFileReference; lastKnownFileType = sourcecode.swift; path = TopMoviePreviewView.swift; sourceTree = "<group>"; };
		66A1559728625457009F47CE /* HomeVM.swift */ = {isa = PBXFileReference; lastKnownFileType = sourcecode.swift; path = HomeVM.swift; sourceTree = "<group>"; };
		66AF6DA1286B5C7000BA116A /* SmallVerticalButton.swift */ = {isa = PBXFileReference; lastKnownFileType = sourcecode.swift; path = SmallVerticalButton.swift; sourceTree = "<group>"; };
		66AF6DA3286B63A700BA116A /* WhiteButton.swift */ = {isa = PBXFileReference; lastKnownFileType = sourcecode.swift; path = WhiteButton.swift; sourceTree = "<group>"; };
/* End PBXFileReference section */

/* Begin PBXFrameworksBuildPhase section */
		661DC90F28624CE4006268F7 /* Frameworks */ = {
			isa = PBXFrameworksBuildPhase;
			buildActionMask = 2147483647;
			files = (
				661DC92828624FC1006268F7 /* Kingfisher in Frameworks */,
			);
			runOnlyForDeploymentPostprocessing = 0;
		};
/* End PBXFrameworksBuildPhase section */

/* Begin PBXGroup section */
		661DC90928624CE4006268F7 = {
			isa = PBXGroup;
			children = (
				661DC91428624CE4006268F7 /* Netflix */,
				661DC91328624CE4006268F7 /* Products */,
			);
			sourceTree = "<group>";
		};
		661DC91328624CE4006268F7 /* Products */ = {
			isa = PBXGroup;
			children = (
				661DC91228624CE4006268F7 /* Netflix.app */,
			);
			name = Products;
			sourceTree = "<group>";
		};
		661DC91428624CE4006268F7 /* Netflix */ = {
			isa = PBXGroup;
			children = (
				661DC91528624CE4006268F7 /* NetflixApp.swift */,
				661DC91728624CE4006268F7 /* ContentView.swift */,
				661DC92A2862507D006268F7 /* ViewModel */,
				661DC9292862506E006268F7 /* Model */,
				661DC92528624F4C006268F7 /* Views */,
				661DC91928624CEB006268F7 /* Assets.xcassets */,
				661DC91B28624CEB006268F7 /* Preview Content */,
			);
			path = Netflix;
			sourceTree = "<group>";
		};
		661DC91B28624CEB006268F7 /* Preview Content */ = {
			isa = PBXGroup;
			children = (
				661DC91C28624CEB006268F7 /* Preview Assets.xcassets */,
			);
			path = "Preview Content";
			sourceTree = "<group>";
		};
		661DC92528624F4C006268F7 /* Views */ = {
			isa = PBXGroup;
			children = (
				661DC92328624F37006268F7 /* HomeView.swift */,
				661DC92D286250EF006268F7 /* StandardHomeMovieView.swift */,
				6694118D28637A6100FD6071 /* TopMoviePreviewView.swift */,
				66AF6DA1286B5C7000BA116A /* SmallVerticalButton.swift */,
				66AF6DA3286B63A700BA116A /* WhiteButton.swift */,
			);
			path = Views;
			sourceTree = "<group>";
		};
		661DC9292862506E006268F7 /* Model */ = {
			isa = PBXGroup;
			children = (
				661DC92B28625092006268F7 /* Movie.swift */,
				661DC92F28625139006268F7 /* GlobalHelpers.swift */,
			);
			path = Model;
			sourceTree = "<group>";
		};
		661DC92A2862507D006268F7 /* ViewModel */ = {
			isa = PBXGroup;
			children = (
				66A1559728625457009F47CE /* HomeVM.swift */,
			);
			path = ViewModel;
			sourceTree = "<group>";
		};
/* End PBXGroup section */

/* Begin PBXNativeTarget section */
		661DC91128624CE4006268F7 /* Netflix */ = {
			isa = PBXNativeTarget;
			buildConfigurationList = 661DC92028624CEB006268F7 /* Build configuration list for PBXNativeTarget "Netflix" */;
			buildPhases = (
				661DC90E28624CE4006268F7 /* Sources */,
				661DC90F28624CE4006268F7 /* Frameworks */,
				661DC91028624CE4006268F7 /* Resources */,
			);
			buildRules = (
			);
			dependencies = (
			);
			name = Netflix;
			packageProductDependencies = (
				661DC92728624FC1006268F7 /* Kingfisher */,
			);
			productName = Netflix;
			productReference = 661DC91228624CE4006268F7 /* Netflix.app */;
			productType = "com.apple.product-type.application";
		};
/* End PBXNativeTarget section */

/* Begin PBXProject section */
		661DC90A28624CE4006268F7 /* Project object */ = {
			isa = PBXProject;
			attributes = {
				BuildIndependentTargetsInParallel = 1;
				LastSwiftUpdateCheck = 1340;
				LastUpgradeCheck = 1340;
				TargetAttributes = {
					661DC91128624CE4006268F7 = {
						CreatedOnToolsVersion = 13.4.1;
					};
				};
			};
			buildConfigurationList = 661DC90D28624CE4006268F7 /* Build configuration list for PBXProject "Netflix" */;
			compatibilityVersion = "Xcode 13.0";
			developmentRegion = en;
			hasScannedForEncodings = 0;
			knownRegions = (
				en,
				Base,
			);
			mainGroup = 661DC90928624CE4006268F7;
			packageReferences = (
				661DC92628624FC1006268F7 /* XCRemoteSwiftPackageReference "Kingfisher" */,
			);
			productRefGroup = 661DC91328624CE4006268F7 /* Products */;
			projectDirPath = "";
			projectRoot = "";
			targets = (
				661DC91128624CE4006268F7 /* Netflix */,
			);
		};
/* End PBXProject section */

/* Begin PBXResourcesBuildPhase section */
		661DC91028624CE4006268F7 /* Resources */ = {
			isa = PBXResourcesBuildPhase;
			buildActionMask = 2147483647;
			files = (
				661DC91D28624CEB006268F7 /* Preview Assets.xcassets in Resources */,
				661DC91A28624CEB006268F7 /* Assets.xcassets in Resources */,
			);
			runOnlyForDeploymentPostprocessing = 0;
		};
/* End PBXResourcesBuildPhase section */

/* Begin PBXSourcesBuildPhase section */
		661DC90E28624CE4006268F7 /* Sources */ = {
			isa = PBXSourcesBuildPhase;
			buildActionMask = 2147483647;
			files = (
				661DC93028625139006268F7 /* GlobalHelpers.swift in Sources */,
				661DC92428624F37006268F7 /* HomeView.swift in Sources */,
				66A1559828625457009F47CE /* HomeVM.swift in Sources */,
				661DC91828624CE4006268F7 /* ContentView.swift in Sources */,
				6694118E28637A6100FD6071 /* TopMoviePreviewView.swift in Sources */,
				661DC92C28625092006268F7 /* Movie.swift in Sources */,
				661DC91628624CE4006268F7 /* NetflixApp.swift in Sources */,
				661DC92E286250EF006268F7 /* StandardHomeMovieView.swift in Sources */,
				66AF6DA2286B5C7000BA116A /* SmallVerticalButton.swift in Sources */,
				66AF6DA4286B63A700BA116A /* WhiteButton.swift in Sources */,
			);
			runOnlyForDeploymentPostprocessing = 0;
		};
/* End PBXSourcesBuildPhase section */

/* Begin XCBuildConfiguration section */
		661DC91E28624CEB006268F7 /* Debug */ = {
			isa = XCBuildConfiguration;
			buildSettings = {
				ALWAYS_SEARCH_USER_PATHS = NO;
				CLANG_ANALYZER_NONNULL = YES;
				CLANG_ANALYZER_NUMBER_OBJECT_CONVERSION = YES_AGGRESSIVE;
				CLANG_CXX_LANGUAGE_STANDARD = "gnu++17";
				CLANG_ENABLE_MODULES = YES;
				CLANG_ENABLE_OBJC_ARC = YES;
				CLANG_ENABLE_OBJC_WEAK = YES;
				CLANG_WARN_BLOCK_CAPTURE_AUTORELEASING = YES;
				CLANG_WARN_BOOL_CONVERSION = YES;
				CLANG_WARN_COMMA = YES;
				CLANG_WARN_CONSTANT_CONVERSION = YES;
				CLANG_WARN_DEPRECATED_OBJC_IMPLEMENTATIONS = YES;
				CLANG_WARN_DIRECT_OBJC_ISA_USAGE = YES_ERROR;
				CLANG_WARN_DOCUMENTATION_COMMENTS = YES;
				CLANG_WARN_EMPTY_BODY = YES;
				CLANG_WARN_ENUM_CONVERSION = YES;
				CLANG_WARN_INFINITE_RECURSION = YES;
				CLANG_WARN_INT_CONVERSION = YES;
				CLANG_WARN_NON_LITERAL_NULL_CONVERSION = YES;
				CLANG_WARN_OBJC_IMPLICIT_RETAIN_SELF = YES;
				CLANG_WARN_OBJC_LITERAL_CONVERSION = YES;
				CLANG_WARN_OBJC_ROOT_CLASS = YES_ERROR;
				CLANG_WARN_QUOTED_INCLUDE_IN_FRAMEWORK_HEADER = YES;
				CLANG_WARN_RANGE_LOOP_ANALYSIS = YES;
				CLANG_WARN_STRICT_PROTOTYPES = YES;
				CLANG_WARN_SUSPICIOUS_MOVE = YES;
				CLANG_WARN_UNGUARDED_AVAILABILITY = YES_AGGRESSIVE;
				CLANG_WARN_UNREACHABLE_CODE = YES;
				CLANG_WARN__DUPLICATE_METHOD_MATCH = YES;
				COPY_PHASE_STRIP = NO;
				DEBUG_INFORMATION_FORMAT = dwarf;
				ENABLE_STRICT_OBJC_MSGSEND = YES;
				ENABLE_TESTABILITY = YES;
				GCC_C_LANGUAGE_STANDARD = gnu11;
				GCC_DYNAMIC_NO_PIC = NO;
				GCC_NO_COMMON_BLOCKS = YES;
				GCC_OPTIMIZATION_LEVEL = 0;
				GCC_PREPROCESSOR_DEFINITIONS = (
					"DEBUG=1",
					"$(inherited)",
				);
				GCC_WARN_64_TO_32_BIT_CONVERSION = YES;
				GCC_WARN_ABOUT_RETURN_TYPE = YES_ERROR;
				GCC_WARN_UNDECLARED_SELECTOR = YES;
				GCC_WARN_UNINITIALIZED_AUTOS = YES_AGGRESSIVE;
				GCC_WARN_UNUSED_FUNCTION = YES;
				GCC_WARN_UNUSED_VARIABLE = YES;
				IPHONEOS_DEPLOYMENT_TARGET = 15.5;
				MTL_ENABLE_DEBUG_INFO = INCLUDE_SOURCE;
				MTL_FAST_MATH = YES;
				ONLY_ACTIVE_ARCH = YES;
				SDKROOT = iphoneos;
				SWIFT_ACTIVE_COMPILATION_CONDITIONS = DEBUG;
				SWIFT_OPTIMIZATION_LEVEL = "-Onone";
			};
			name = Debug;
		};
		661DC91F28624CEB006268F7 /* Release */ = {
			isa = XCBuildConfiguration;
			buildSettings = {
				ALWAYS_SEARCH_USER_PATHS = NO;
				CLANG_ANALYZER_NONNULL = YES;
				CLANG_ANALYZER_NUMBER_OBJECT_CONVERSION = YES_AGGRESSIVE;
				CLANG_CXX_LANGUAGE_STANDARD = "gnu++17";
				CLANG_ENABLE_MODULES = YES;
				CLANG_ENABLE_OBJC_ARC = YES;
				CLANG_ENABLE_OBJC_WEAK = YES;
				CLANG_WARN_BLOCK_CAPTURE_AUTORELEASING = YES;
				CLANG_WARN_BOOL_CONVERSION = YES;
				CLANG_WARN_COMMA = YES;
				CLANG_WARN_CONSTANT_CONVERSION = YES;
				CLANG_WARN_DEPRECATED_OBJC_IMPLEMENTATIONS = YES;
				CLANG_WARN_DIRECT_OBJC_ISA_USAGE = YES_ERROR;
				CLANG_WARN_DOCUMENTATION_COMMENTS = YES;
				CLANG_WARN_EMPTY_BODY = YES;
				CLANG_WARN_ENUM_CONVERSION = YES;
				CLANG_WARN_INFINITE_RECURSION = YES;
				CLANG_WARN_INT_CONVERSION = YES;
				CLANG_WARN_NON_LITERAL_NULL_CONVERSION = YES;
				CLANG_WARN_OBJC_IMPLICIT_RETAIN_SELF = YES;
				CLANG_WARN_OBJC_LITERAL_CONVERSION = YES;
				CLANG_WARN_OBJC_ROOT_CLASS = YES_ERROR;
				CLANG_WARN_QUOTED_INCLUDE_IN_FRAMEWORK_HEADER = YES;
				CLANG_WARN_RANGE_LOOP_ANALYSIS = YES;
				CLANG_WARN_STRICT_PROTOTYPES = YES;
				CLANG_WARN_SUSPICIOUS_MOVE = YES;
				CLANG_WARN_UNGUARDED_AVAILABILITY = YES_AGGRESSIVE;
				CLANG_WARN_UNREACHABLE_CODE = YES;
				CLANG_WARN__DUPLICATE_METHOD_MATCH = YES;
				COPY_PHASE_STRIP = NO;
				DEBUG_INFORMATION_FORMAT = "dwarf-with-dsym";
				ENABLE_NS_ASSERTIONS = NO;
				ENABLE_STRICT_OBJC_MSGSEND = YES;
				GCC_C_LANGUAGE_STANDARD = gnu11;
				GCC_NO_COMMON_BLOCKS = YES;
				GCC_WARN_64_TO_32_BIT_CONVERSION = YES;
				GCC_WARN_ABOUT_RETURN_TYPE = YES_ERROR;
				GCC_WARN_UNDECLARED_SELECTOR = YES;
				GCC_WARN_UNINITIALIZED_AUTOS = YES_AGGRESSIVE;
				GCC_WARN_UNUSED_FUNCTION = YES;
				GCC_WARN_UNUSED_VARIABLE = YES;
				IPHONEOS_DEPLOYMENT_TARGET = 15.5;
				MTL_ENABLE_DEBUG_INFO = NO;
				MTL_FAST_MATH = YES;
				SDKROOT = iphoneos;
				SWIFT_COMPILATION_MODE = wholemodule;
				SWIFT_OPTIMIZATION_LEVEL = "-O";
				VALIDATE_PRODUCT = YES;
			};
			name = Release;
		};
		661DC92128624CEB006268F7 /* Debug */ = {
			isa = XCBuildConfiguration;
			buildSettings = {
				ASSETCATALOG_COMPILER_APPICON_NAME = AppIcon;
				ASSETCATALOG_COMPILER_GLOBAL_ACCENT_COLOR_NAME = AccentColor;
				CODE_SIGN_STYLE = Automatic;
				CURRENT_PROJECT_VERSION = 1;
				DEVELOPMENT_ASSET_PATHS = "\"Netflix/Preview Content\"";
				DEVELOPMENT_TEAM = 3PX6J6VL32;
				ENABLE_PREVIEWS = YES;
				GENERATE_INFOPLIST_FILE = YES;
				INFOPLIST_KEY_UIApplicationSceneManifest_Generation = YES;
				INFOPLIST_KEY_UIApplicationSupportsIndirectInputEvents = YES;
				INFOPLIST_KEY_UILaunchScreen_Generation = YES;
				INFOPLIST_KEY_UISupportedInterfaceOrientations_iPad = "UIInterfaceOrientationPortrait UIInterfaceOrientationPortraitUpsideDown UIInterfaceOrientationLandscapeLeft UIInterfaceOrientationLandscapeRight";
				INFOPLIST_KEY_UISupportedInterfaceOrientations_iPhone = "UIInterfaceOrientationPortrait UIInterfaceOrientationLandscapeLeft UIInterfaceOrientationLandscapeRight";
				LD_RUNPATH_SEARCH_PATHS = (
					"$(inherited)",
					"@executable_path/Frameworks",
				);
				MARKETING_VERSION = 1.0;
				PRODUCT_BUNDLE_IDENTIFIER = com.januszewski.Netflix;
				PRODUCT_NAME = "$(TARGET_NAME)";
				SWIFT_EMIT_LOC_STRINGS = YES;
				SWIFT_VERSION = 5.0;
				TARGETED_DEVICE_FAMILY = "1,2";
			};
			name = Debug;
		};
		661DC92228624CEB006268F7 /* Release */ = {
			isa = XCBuildConfiguration;
			buildSettings = {
				ASSETCATALOG_COMPILER_APPICON_NAME = AppIcon;
				ASSETCATALOG_COMPILER_GLOBAL_ACCENT_COLOR_NAME = AccentColor;
				CODE_SIGN_STYLE = Automatic;
				CURRENT_PROJECT_VERSION = 1;
				DEVELOPMENT_ASSET_PATHS = "\"Netflix/Preview Content\"";
				DEVELOPMENT_TEAM = 3PX6J6VL32;
				ENABLE_PREVIEWS = YES;
				GENERATE_INFOPLIST_FILE = YES;
				INFOPLIST_KEY_UIApplicationSceneManifest_Generation = YES;
				INFOPLIST_KEY_UIApplicationSupportsIndirectInputEvents = YES;
				INFOPLIST_KEY_UILaunchScreen_Generation = YES;
				INFOPLIST_KEY_UISupportedInterfaceOrientations_iPad = "UIInterfaceOrientationPortrait UIInterfaceOrientationPortraitUpsideDown UIInterfaceOrientationLandscapeLeft UIInterfaceOrientationLandscapeRight";
				INFOPLIST_KEY_UISupportedInterfaceOrientations_iPhone = "UIInterfaceOrientationPortrait UIInterfaceOrientationLandscapeLeft UIInterfaceOrientationLandscapeRight";
				LD_RUNPATH_SEARCH_PATHS = (
					"$(inherited)",
					"@executable_path/Frameworks",
				);
				MARKETING_VERSION = 1.0;
				PRODUCT_BUNDLE_IDENTIFIER = com.januszewski.Netflix;
				PRODUCT_NAME = "$(TARGET_NAME)";
				SWIFT_EMIT_LOC_STRINGS = YES;
				SWIFT_VERSION = 5.0;
				TARGETED_DEVICE_FAMILY = "1,2";
			};
			name = Release;
		};
/* End XCBuildConfiguration section */

/* Begin XCConfigurationList section */
		661DC90D28624CE4006268F7 /* Build configuration list for PBXProject "Netflix" */ = {
			isa = XCConfigurationList;
			buildConfigurations = (
				661DC91E28624CEB006268F7 /* Debug */,
				661DC91F28624CEB006268F7 /* Release */,
			);
			defaultConfigurationIsVisible = 0;
			defaultConfigurationName = Release;
		};
		661DC92028624CEB006268F7 /* Build configuration list for PBXNativeTarget "Netflix" */ = {
			isa = XCConfigurationList;
			buildConfigurations = (
				661DC92128624CEB006268F7 /* Debug */,
				661DC92228624CEB006268F7 /* Release */,
			);
			defaultConfigurationIsVisible = 0;
			defaultConfigurationName = Release;
		};
/* End XCConfigurationList section */

/* Begin XCRemoteSwiftPackageReference section */
		661DC92628624FC1006268F7 /* XCRemoteSwiftPackageReference "Kingfisher" */ = {
			isa = XCRemoteSwiftPackageReference;
			repositoryURL = "https://github.com/onevcat/Kingfisher";
			requirement = {
				kind = upToNextMajorVersion;
				minimumVersion = 7.0.0;
			};
		};
/* End XCRemoteSwiftPackageReference section */

/* Begin XCSwiftPackageProductDependency section */
		661DC92728624FC1006268F7 /* Kingfisher */ = {
			isa = XCSwiftPackageProductDependency;
			package = 661DC92628624FC1006268F7 /* XCRemoteSwiftPackageReference "Kingfisher" */;
			productName = Kingfisher;
		};
/* End XCSwiftPackageProductDependency section */
	};
	rootObject = 661DC90A28624CE4006268F7 /* Project object */;
}
